
Microsoft Visual Studio Solution File, Format Version 12.00
# Visual Studio 2012
VisualStudioVersion = 12.0.31101.0
MinimumVisualStudioVersion = 10.0.40219.1
Project("{FAE04EC0-301F-11D3-BF4B-00C04F79EFBC}") = "XamarinBugs", "XamarinBugs\XamarinBugs\XamarinBugs.csproj", "{8DA6B977-6686-4BE3-80EF-9CFC1D5A2BE8}"
EndProject
Project("{FAE04EC0-301F-11D3-BF4B-00C04F79EFBC}") = "XamarinBugs.iOS", "XamarinBugs\XamarinBugs.iOS\XamarinBugs.iOS.csproj", "{71471870-6085-47A0-9348-B0ADE6527367}"
EndProject
Project("{FAE04EC0-301F-11D3-BF4B-00C04F79EFBC}") = "XamarinBugs.Droid", "XamarinBugs\XamarinBugs.Droid\XamarinBugs.Droid.csproj", "{A71B4C91-DB7A-42D9-8665-1D99F6173827}"
EndProject
Project("{FAE04EC0-301F-11D3-BF4B-00C04F79EFBC}") = "XamarinBugs.WinPhone", "XamarinBugs\XamarinBugs.WinPhone\XamarinBugs.WinPhone.csproj", "{D4A3BA86-6D5A-4E61-A654-92418475DACC}"
EndProject
Global
	GlobalSection(SolutionConfigurationPlatforms) = preSolution
		Ad-Hoc|Any CPU = Ad-Hoc|Any CPU
		Ad-Hoc|ARM = Ad-Hoc|ARM
		Ad-Hoc|iPhone = Ad-Hoc|iPhone
		Ad-Hoc|iPhoneSimulator = Ad-Hoc|iPhoneSimulator
		Ad-Hoc|Mixed Platforms = Ad-Hoc|Mixed Platforms
		Ad-Hoc|x86 = Ad-Hoc|x86
		AppStore|Any CPU = AppStore|Any CPU
		AppStore|ARM = AppStore|ARM
		AppStore|iPhone = AppStore|iPhone
		AppStore|iPhoneSimulator = AppStore|iPhoneSimulator
		AppStore|Mixed Platforms = AppStore|Mixed Platforms
		AppStore|x86 = AppStore|x86
		Debug|Any CPU = Debug|Any CPU
		Debug|ARM = Debug|ARM
		Debug|iPhone = Debug|iPhone
		Debug|iPhoneSimulator = Debug|iPhoneSimulator
		Debug|Mixed Platforms = Debug|Mixed Platforms
		Debug|x86 = Debug|x86
		Release|Any CPU = Release|Any CPU
		Release|ARM = Release|ARM
		Release|iPhone = Release|iPhone
		Release|iPhoneSimulator = Release|iPhoneSimulator
		Release|Mixed Platforms = Release|Mixed Platforms
		Release|x86 = Release|x86
	EndGlobalSection
	GlobalSection(ProjectConfigurationPlatforms) = postSolution
		{71471870-6085-47A0-9348-B0ADE6527367}.Ad-Hoc|Any CPU.ActiveCfg = Ad-Hoc|iPhone
		{71471870-6085-47A0-9348-B0ADE6527367}.Ad-Hoc|ARM.ActiveCfg = Ad-Hoc|iPhone
		{71471870-6085-47A0-9348-B0ADE6527367}.Ad-Hoc|iPhone.ActiveCfg = Ad-Hoc|iPhone
		{71471870-6085-47A0-9348-B0ADE6527367}.Ad-Hoc|iPhone.Build.0 = Ad-Hoc|iPhone
		{71471870-6085-47A0-9348-B0ADE6527367}.Ad-Hoc|iPhoneSimulator.ActiveCfg = Ad-Hoc|iPhoneSimulator
		{71471870-6085-47A0-9348-B0ADE6527367}.Ad-Hoc|iPhoneSimulator.Build.0 = Ad-Hoc|iPhoneSimulator
		{71471870-6085-47A0-9348-B0ADE6527367}.Ad-Hoc|Mixed Platforms.ActiveCfg = Ad-Hoc|iPhone
		{71471870-6085-47A0-9348-B0ADE6527367}.Ad-Hoc|Mixed Platforms.Build.0 = Ad-Hoc|iPhone
		{71471870-6085-47A0-9348-B0ADE6527367}.Ad-Hoc|x86.ActiveCfg = Ad-Hoc|iPhone
		{71471870-6085-47A0-9348-B0ADE6527367}.AppStore|Any CPU.ActiveCfg = AppStore|iPhone
		{71471870-6085-47A0-9348-B0ADE6527367}.AppStore|ARM.ActiveCfg = AppStore|iPhone
		{71471870-6085-47A0-9348-B0ADE6527367}.AppStore|iPhone.ActiveCfg = AppStore|iPhone
		{71471870-6085-47A0-9348-B0ADE6527367}.AppStore|iPhone.Build.0 = AppStore|iPhone
		{71471870-6085-47A0-9348-B0ADE6527367}.AppStore|iPhoneSimulator.ActiveCfg = AppStore|iPhoneSimulator
		{71471870-6085-47A0-9348-B0ADE6527367}.AppStore|iPhoneSimulator.Build.0 = AppStore|iPhoneSimulator
		{71471870-6085-47A0-9348-B0ADE6527367}.AppStore|Mixed Platforms.ActiveCfg = AppStore|iPhone
		{71471870-6085-47A0-9348-B0ADE6527367}.AppStore|Mixed Platforms.Build.0 = AppStore|iPhone
		{71471870-6085-47A0-9348-B0ADE6527367}.AppStore|x86.ActiveCfg = AppStore|iPhone
		{71471870-6085-47A0-9348-B0ADE6527367}.Debug|Any CPU.ActiveCfg = Debug|iPhone
		{71471870-6085-47A0-9348-B0ADE6527367}.Debug|ARM.ActiveCfg = Debug|iPhone
		{71471870-6085-47A0-9348-B0ADE6527367}.Debug|iPhone.ActiveCfg = Debug|iPhone
		{71471870-6085-47A0-9348-B0ADE6527367}.Debug|iPhone.Build.0 = Debug|iPhone
		{71471870-6085-47A0-9348-B0ADE6527367}.Debug|iPhoneSimulator.ActiveCfg = Debug|iPhoneSimulator
		{71471870-6085-47A0-9348-B0ADE6527367}.Debug|iPhoneSimulator.Build.0 = Debug|iPhoneSimulator
		{71471870-6085-47A0-9348-B0ADE6527367}.Debug|Mixed Platforms.ActiveCfg = Debug|iPhone
		{71471870-6085-47A0-9348-B0ADE6527367}.Debug|Mixed Platforms.Build.0 = Debug|iPhone
		{71471870-6085-47A0-9348-B0ADE6527367}.Debug|x86.ActiveCfg = Debug|iPhone
		{71471870-6085-47A0-9348-B0ADE6527367}.Release|Any CPU.ActiveCfg = Release|iPhone
		{71471870-6085-47A0-9348-B0ADE6527367}.Release|ARM.ActiveCfg = Release|iPhone
		{71471870-6085-47A0-9348-B0ADE6527367}.Release|iPhone.ActiveCfg = Release|iPhone
		{71471870-6085-47A0-9348-B0ADE6527367}.Release|iPhone.Build.0 = Release|iPhone
		{71471870-6085-47A0-9348-B0ADE6527367}.Release|iPhoneSimulator.ActiveCfg = Release|iPhoneSimulator
		{71471870-6085-47A0-9348-B0ADE6527367}.Release|iPhoneSimulator.Build.0 = Release|iPhoneSimulator
		{71471870-6085-47A0-9348-B0ADE6527367}.Release|Mixed Platforms.ActiveCfg = Release|iPhone
		{71471870-6085-47A0-9348-B0ADE6527367}.Release|Mixed Platforms.Build.0 = Release|iPhone
		{71471870-6085-47A0-9348-B0ADE6527367}.Release|x86.ActiveCfg = Release|iPhone
		{8DA6B977-6686-4BE3-80EF-9CFC1D5A2BE8}.Ad-Hoc|Any CPU.ActiveCfg = Release|Any CPU
		{8DA6B977-6686-4BE3-80EF-9CFC1D5A2BE8}.Ad-Hoc|Any CPU.Build.0 = Release|Any CPU
		{8DA6B977-6686-4BE3-80EF-9CFC1D5A2BE8}.Ad-Hoc|ARM.ActiveCfg = Release|Any CPU
		{8DA6B977-6686-4BE3-80EF-9CFC1D5A2BE8}.Ad-Hoc|iPhone.ActiveCfg = Release|Any CPU
		{8DA6B977-6686-4BE3-80EF-9CFC1D5A2BE8}.Ad-Hoc|iPhoneSimulator.ActiveCfg = Release|Any CPU
		{8DA6B977-6686-4BE3-80EF-9CFC1D5A2BE8}.Ad-Hoc|Mixed Platforms.ActiveCfg = Release|Any CPU
		{8DA6B977-6686-4BE3-80EF-9CFC1D5A2BE8}.Ad-Hoc|Mixed Platforms.Build.0 = Release|Any CPU
		{8DA6B977-6686-4BE3-80EF-9CFC1D5A2BE8}.Ad-Hoc|x86.ActiveCfg = Release|Any CPU
		{8DA6B977-6686-4BE3-80EF-9CFC1D5A2BE8}.AppStore|Any CPU.ActiveCfg = Release|Any CPU
		{8DA6B977-6686-4BE3-80EF-9CFC1D5A2BE8}.AppStore|Any CPU.Build.0 = Release|Any CPU
		{8DA6B977-6686-4BE3-80EF-9CFC1D5A2BE8}.AppStore|ARM.ActiveCfg = Release|Any CPU
		{8DA6B977-6686-4BE3-80EF-9CFC1D5A2BE8}.AppStore|iPhone.ActiveCfg = Release|Any CPU
		{8DA6B977-6686-4BE3-80EF-9CFC1D5A2BE8}.AppStore|iPhoneSimulator.ActiveCfg = Release|Any CPU
		{8DA6B977-6686-4BE3-80EF-9CFC1D5A2BE8}.AppStore|Mixed Platforms.ActiveCfg = Release|Any CPU
		{8DA6B977-6686-4BE3-80EF-9CFC1D5A2BE8}.AppStore|Mixed Platforms.Build.0 = Release|Any CPU
		{8DA6B977-6686-4BE3-80EF-9CFC1D5A2BE8}.AppStore|x86.ActiveCfg = Release|Any CPU
		{8DA6B977-6686-4BE3-80EF-9CFC1D5A2BE8}.Debug|Any CPU.ActiveCfg = Debug|Any CPU
		{8DA6B977-6686-4BE3-80EF-9CFC1D5A2BE8}.Debug|Any CPU.Build.0 = Debug|Any CPU
		{8DA6B977-6686-4BE3-80EF-9CFC1D5A2BE8}.Debug|ARM.ActiveCfg = Debug|Any CPU
		{8DA6B977-6686-4BE3-80EF-9CFC1D5A2BE8}.Debug|iPhone.ActiveCfg = Debug|Any CPU
		{8DA6B977-6686-4BE3-80EF-9CFC1D5A2BE8}.Debug|iPhoneSimulator.ActiveCfg = Debug|Any CPU
		{8DA6B977-6686-4BE3-80EF-9CFC1D5A2BE8}.Debug|Mixed Platforms.ActiveCfg = Debug|Any CPU
		{8DA6B977-6686-4BE3-80EF-9CFC1D5A2BE8}.Debug|Mixed Platforms.Build.0 = Debug|Any CPU
		{8DA6B977-6686-4BE3-80EF-9CFC1D5A2BE8}.Debug|x86.ActiveCfg = Debug|Any CPU
		{8DA6B977-6686-4BE3-80EF-9CFC1D5A2BE8}.Release|Any CPU.ActiveCfg = Release|Any CPU
		{8DA6B977-6686-4BE3-80EF-9CFC1D5A2BE8}.Release|Any CPU.Build.0 = Release|Any CPU
		{8DA6B977-6686-4BE3-80EF-9CFC1D5A2BE8}.Release|ARM.ActiveCfg = Release|Any CPU
		{8DA6B977-6686-4BE3-80EF-9CFC1D5A2BE8}.Release|iPhone.ActiveCfg = Release|Any CPU
		{8DA6B977-6686-4BE3-80EF-9CFC1D5A2BE8}.Release|iPhoneSimulator.ActiveCfg = Release|Any CPU
		{8DA6B977-6686-4BE3-80EF-9CFC1D5A2BE8}.Release|Mixed Platforms.ActiveCfg = Release|Any CPU
		{8DA6B977-6686-4BE3-80EF-9CFC1D5A2BE8}.Release|Mixed Platforms.Build.0 = Release|Any CPU
		{8DA6B977-6686-4BE3-80EF-9CFC1D5A2BE8}.Release|x86.ActiveCfg = Release|Any CPU
		{A71B4C91-DB7A-42D9-8665-1D99F6173827}.Ad-Hoc|Any CPU.ActiveCfg = Release|Any CPU
		{A71B4C91-DB7A-42D9-8665-1D99F6173827}.Ad-Hoc|Any CPU.Build.0 = Release|Any CPU
		{A71B4C91-DB7A-42D9-8665-1D99F6173827}.Ad-Hoc|Any CPU.Deploy.0 = Release|Any CPU
		{A71B4C91-DB7A-42D9-8665-1D99F6173827}.Ad-Hoc|ARM.ActiveCfg = Release|Any CPU
		{A71B4C91-DB7A-42D9-8665-1D99F6173827}.Ad-Hoc|iPhone.ActiveCfg = Release|Any CPU
		{A71B4C91-DB7A-42D9-8665-1D99F6173827}.Ad-Hoc|iPhoneSimulator.ActiveCfg = Release|Any CPU
		{A71B4C91-DB7A-42D9-8665-1D99F6173827}.Ad-Hoc|Mixed Platforms.ActiveCfg = Release|Any CPU
		{A71B4C91-DB7A-42D9-8665-1D99F6173827}.Ad-Hoc|Mixed Platforms.Build.0 = Release|Any CPU
		{A71B4C91-DB7A-42D9-8665-1D99F6173827}.Ad-Hoc|Mixed Platforms.Deploy.0 = Release|Any CPU
		{A71B4C91-DB7A-42D9-8665-1D99F6173827}.Ad-Hoc|x86.ActiveCfg = Release|Any CPU
		{A71B4C91-DB7A-42D9-8665-1D99F6173827}.AppStore|Any CPU.ActiveCfg = Release|Any CPU
		{A71B4C91-DB7A-42D9-8665-1D99F6173827}.AppStore|Any CPU.Build.0 = Release|Any CPU
		{A71B4C91-DB7A-42D9-8665-1D99F6173827}.AppStore|Any CPU.Deploy.0 = Release|Any CPU
		{A71B4C91-DB7A-42D9-8665-1D99F6173827}.AppStore|ARM.ActiveCfg = Release|Any CPU
		{A71B4C91-DB7A-42D9-8665-1D99F6173827}.AppStore|iPhone.ActiveCfg = Release|Any CPU
		{A71B4C91-DB7A-42D9-8665-1D99F6173827}.AppStore|iPhoneSimulator.ActiveCfg = Release|Any CPU
		{A71B4C91-DB7A-42D9-8665-1D99F6173827}.AppStore|Mixed Platforms.ActiveCfg = Release|Any CPU
		{A71B4C91-DB7A-42D9-8665-1D99F6173827}.AppStore|Mixed Platforms.Build.0 = Release|Any CPU
		{A71B4C91-DB7A-42D9-8665-1D99F6173827}.AppStore|Mixed Platforms.Deploy.0 = Release|Any CPU
		{A71B4C91-DB7A-42D9-8665-1D99F6173827}.AppStore|x86.ActiveCfg = Release|Any CPU
		{A71B4C91-DB7A-42D9-8665-1D99F6173827}.Debug|Any CPU.ActiveCfg = Debug|Any CPU
		{A71B4C91-DB7A-42D9-8665-1D99F6173827}.Debug|Any CPU.Build.0 = Debug|Any CPU
		{A71B4C91-DB7A-42D9-8665-1D99F6173827}.Debug|ARM.ActiveCfg = Debug|Any CPU
		{A71B4C91-DB7A-42D9-8665-1D99F6173827}.Debug|iPhone.ActiveCfg = Debug|Any CPU
		{A71B4C91-DB7A-42D9-8665-1D99F6173827}.Debug|iPhoneSimulator.ActiveCfg = Debug|Any CPU
		{A71B4C91-DB7A-42D9-8665-1D99F6173827}.Debug|Mixed Platforms.ActiveCfg = Debug|Any CPU
		{A71B4C91-DB7A-42D9-8665-1D99F6173827}.Debug|Mixed Platforms.Build.0 = Debug|Any CPU
		{A71B4C91-DB7A-42D9-8665-1D99F6173827}.Debug|Mixed Platforms.Deploy.0 = Debug|Any CPU
		{A71B4C91-DB7A-42D9-8665-1D99F6173827}.Debug|x86.ActiveCfg = Debug|Any CPU
		{A71B4C91-DB7A-42D9-8665-1D99F6173827}.Release|Any CPU.ActiveCfg = Release|Any CPU
		{A71B4C91-DB7A-42D9-8665-1D99F6173827}.Release|Any CPU.Build.0 = Release|Any CPU
		{A71B4C91-DB7A-42D9-8665-1D99F6173827}.Release|Any CPU.Deploy.0 = Release|Any CPU
		{A71B4C91-DB7A-42D9-8665-1D99F6173827}.Release|ARM.ActiveCfg = Release|Any CPU
		{A71B4C91-DB7A-42D9-8665-1D99F6173827}.Release|iPhone.ActiveCfg = Release|Any CPU
		{A71B4C91-DB7A-42D9-8665-1D99F6173827}.Release|iPhoneSimulator.ActiveCfg = Release|Any CPU
		{A71B4C91-DB7A-42D9-8665-1D99F6173827}.Release|Mixed Platforms.ActiveCfg = Release|Any CPU
		{A71B4C91-DB7A-42D9-8665-1D99F6173827}.Release|Mixed Platforms.Build.0 = Release|Any CPU
		{A71B4C91-DB7A-42D9-8665-1D99F6173827}.Release|Mixed Platforms.Deploy.0 = Release|Any CPU
		{A71B4C91-DB7A-42D9-8665-1D99F6173827}.Release|x86.ActiveCfg = Release|Any CPU
		{D4A3BA86-6D5A-4E61-A654-92418475DACC}.Ad-Hoc|Any CPU.ActiveCfg = Release|Any CPU
		{D4A3BA86-6D5A-4E61-A654-92418475DACC}.Ad-Hoc|Any CPU.Build.0 = Release|Any CPU
		{D4A3BA86-6D5A-4E61-A654-92418475DACC}.Ad-Hoc|Any CPU.Deploy.0 = Release|Any CPU
		{D4A3BA86-6D5A-4E61-A654-92418475DACC}.Ad-Hoc|ARM.ActiveCfg = Release|ARM
		{D4A3BA86-6D5A-4E61-A654-92418475DACC}.Ad-Hoc|ARM.Build.0 = Release|ARM
		{D4A3BA86-6D5A-4E61-A654-92418475DACC}.Ad-Hoc|ARM.Deploy.0 = Release|ARM
		{D4A3BA86-6D5A-4E61-A654-92418475DACC}.Ad-Hoc|iPhone.ActiveCfg = Release|Any CPU
		{D4A3BA86-6D5A-4E61-A654-92418475DACC}.Ad-Hoc|iPhoneSimulator.ActiveCfg = Release|Any CPU
		{D4A3BA86-6D5A-4E61-A654-92418475DACC}.Ad-Hoc|Mixed Platforms.ActiveCfg = Release|x86
		{D4A3BA86-6D5A-4E61-A654-92418475DACC}.Ad-Hoc|Mixed Platforms.Build.0 = Release|x86
		{D4A3BA86-6D5A-4E61-A654-92418475DACC}.Ad-Hoc|Mixed Platforms.Deploy.0 = Release|x86
		{D4A3BA86-6D5A-4E61-A654-92418475DACC}.Ad-Hoc|x86.ActiveCfg = Release|x86
		{D4A3BA86-6D5A-4E61-A654-92418475DACC}.Ad-Hoc|x86.Build.0 = Release|x86
		{D4A3BA86-6D5A-4E61-A654-92418475DACC}.Ad-Hoc|x86.Deploy.0 = Release|x86
		{D4A3BA86-6D5A-4E61-A654-92418475DACC}.AppStore|Any CPU.ActiveCfg = Release|Any CPU
		{D4A3BA86-6D5A-4E61-A654-92418475DACC}.AppStore|Any CPU.Build.0 = Release|Any CPU
		{D4A3BA86-6D5A-4E61-A654-92418475DACC}.AppStore|Any CPU.Deploy.0 = Release|Any CPU
		{D4A3BA86-6D5A-4E61-A654-92418475DACC}.AppStore|ARM.ActiveCfg = Release|ARM
		{D4A3BA86-6D5A-4E61-A654-92418475DACC}.AppStore|ARM.Build.0 = Release|ARM
		{D4A3BA86-6D5A-4E61-A654-92418475DACC}.AppStore|ARM.Deploy.0 = Release|ARM
		{D4A3BA86-6D5A-4E61-A654-92418475DACC}.AppStore|iPhone.ActiveCfg = Release|Any CPU
		{D4A3BA86-6D5A-4E61-A654-92418475DACC}.AppStore|iPhoneSimulator.ActiveCfg = Release|Any CPU
		{D4A3BA86-6D5A-4E61-A654-92418475DACC}.AppStore|Mixed Platforms.ActiveCfg = Release|x86
		{D4A3BA86-6D5A-4E61-A654-92418475DACC}.AppStore|Mixed Platforms.Build.0 = Release|x86
		{D4A3BA86-6D5A-4E61-A654-92418475DACC}.AppStore|Mixed Platforms.Deploy.0 = Release|x86
		{D4A3BA86-6D5A-4E61-A654-92418475DACC}.AppStore|x86.ActiveCfg = Release|x86
		{D4A3BA86-6D5A-4E61-A654-92418475DACC}.AppStore|x86.Build.0 = Release|x86
		{D4A3BA86-6D5A-4E61-A654-92418475DACC}.AppStore|x86.Deploy.0 = Release|x86
		{D4A3BA86-6D5A-4E61-A654-92418475DACC}.Debug|Any CPU.ActiveCfg = Debug|Any CPU
		{D4A3BA86-6D5A-4E61-A654-92418475DACC}.Debug|Any CPU.Build.0 = Debug|Any CPU
		{D4A3BA86-6D5A-4E61-A654-92418475DACC}.Debug|Any CPU.Deploy.0 = Debug|Any CPU
		{D4A3BA86-6D5A-4E61-A654-92418475DACC}.Debug|ARM.ActiveCfg = Debug|ARM
		{D4A3BA86-6D5A-4E61-A654-92418475DACC}.Debug|ARM.Build.0 = Debug|ARM
		{D4A3BA86-6D5A-4E61-A654-92418475DACC}.Debug|ARM.Deploy.0 = Debug|ARM
		{D4A3BA86-6D5A-4E61-A654-92418475DACC}.Debug|iPhone.ActiveCfg = Debug|Any CPU
		{D4A3BA86-6D5A-4E61-A654-92418475DACC}.Debug|iPhoneSimulator.ActiveCfg = Debug|Any CPU
		{D4A3BA86-6D5A-4E61-A654-92418475DACC}.Debug|Mixed Platforms.ActiveCfg = Debug|x86
		{D4A3BA86-6D5A-4E61-A654-92418475DACC}.Debug|Mixed Platforms.Build.0 = Debug|x86
		{D4A3BA86-6D5A-4E61-A654-92418475DACC}.Debug|Mixed Platforms.Deploy.0 = Debug|x86
		{D4A3BA86-6D5A-4E61-A654-92418475DACC}.Debug|x86.ActiveCfg = Debug|x86
		{D4A3BA86-6D5A-4E61-A654-92418475DACC}.Debug|x86.Build.0 = Debug|x86
		{D4A3BA86-6D5A-4E61-A654-92418475DACC}.Debug|x86.Deploy.0 = Debug|x86
		{D4A3BA86-6D5A-4E61-A654-92418475DACC}.Release|Any CPU.ActiveCfg = Release|Any CPU
		{D4A3BA86-6D5A-4E61-A654-92418475DACC}.Release|Any CPU.Build.0 = Release|Any CPU
		{D4A3BA86-6D5A-4E61-A654-92418475DACC}.Release|Any CPU.Deploy.0 = Release|Any CPU
		{D4A3BA86-6D5A-4E61-A654-92418475DACC}.Release|ARM.ActiveCfg = Release|ARM
		{D4A3BA86-6D5A-4E61-A654-92418475DACC}.Release|ARM.Build.0 = Release|ARM
		{D4A3BA86-6D5A-4E61-A654-92418475DACC}.Release|ARM.Deploy.0 = Release|ARM
		{D4A3BA86-6D5A-4E61-A654-92418475DACC}.Release|iPhone.ActiveCfg = Release|Any CPU
		{D4A3BA86-6D5A-4E61-A654-92418475DACC}.Release|iPhoneSimulator.ActiveCfg = Release|Any CPU
		{D4A3BA86-6D5A-4E61-A654-92418475DACC}.Release|Mixed Platforms.ActiveCfg = Release|x86
		{D4A3BA86-6D5A-4E61-A654-92418475DACC}.Release|Mixed Platforms.Build.0 = Release|x86
		{D4A3BA86-6D5A-4E61-A654-92418475DACC}.Release|Mixed Platforms.Deploy.0 = Release|x86
		{D4A3BA86-6D5A-4E61-A654-92418475DACC}.Release|x86.ActiveCfg = Release|x86
		{D4A3BA86-6D5A-4E61-A654-92418475DACC}.Release|x86.Build.0 = Release|x86
		{D4A3BA86-6D5A-4E61-A654-92418475DACC}.Release|x86.Deploy.0 = Release|x86
	EndGlobalSection
	GlobalSection(SolutionProperties) = preSolution
		HideSolutionNode = FALSE
	EndGlobalSection
EndGlobal
